{
    "name": "create-easy-obsidian-mcp",
    "version": "0.1.0",
    "lockfileVersion": 3,
    "requires": true,
    "packages": {
        "": {
            "name": "create-easy-obsidian-mcp",
            "version": "0.1.0",
            "license": "ISC",
            "dependencies": {
                "@clack/prompts": "^0.7.0",
                "cross-spawn": "^7.0.3",
                "fs-extra": "^11.2.0",
                "picocolors": "^1.0.1"
            },
            "bin": {
                "create-easy-obsidian-mcp": "dist/index.js"
            },
            "devDependencies": {
                "@types/cross-spawn": "^6.0.6",
                "@types/fs-extra": "^11.0.4",
                "@types/node": "^20.14.2",
                "typescript": "^5.4.5"
            }
        },
        "node_modules/@clack/core": {
            "version": "0.3.5",
            "resolved": "https://registry.npmjs.org/@clack/core/-/core-0.3.5.tgz",
            "integrity": "sha512-5cfhQNH+1VQ2xLQlmzXMqUoiaH0lRBq9/CLW9lTyMbuKLC3+xEK01tHVvyut++mLOn5urSHmkm6I0Lg9MaJSTQ==",
            "dependencies": {
                "picocolors": "^1.0.0",
                "sisteransi": "^1.0.5"
            }
        },
        "node_modules/@clack/prompts": {
            "version": "0.7.0",
            "resolved": "https://registry.npmjs.org/@clack/prompts/-/prompts-0.7.0.tgz",
            "integrity": "sha512-0MhX9/B4iL6Re04jPrttDm+BsP8y6mS7byuv0BvXgdXhbV5PdlsHt55dvNsuBCPZ7xq1oTAOOuotR9NFbQyMSA==",
            "bundleDependencies": [
                "is-unicode-supported"
            ],
            "dependencies": {
                "@clack/core": "^0.3.3",
                "is-unicode-supported": "*",
                "picocolors": "^1.0.0",
                "sisteransi": "^1.0.5"
            }
        },
        "node_modules/@clack/prompts/node_modules/is-unicode-supported": {
            "version": "1.3.0",
            "inBundle": true,
            "license": "MIT",
            "engines": {
                "node": ">=12"
            },
            "funding": {
                "url": "https://github.com/sponsors/sindresorhus"
            }
        },
        "node_modules/@types/cross-spawn": {
            "version": "6.0.6",
            "resolved": "https://registry.npmjs.org/@types/cross-spawn/-/cross-spawn-6.0.6.tgz",
            "integrity": "sha512-fXRhhUkG4H3TQk5dBhQ7m/JDdSNHKwR2BBia62lhwEIq9xGiQKLxd6LymNhn47SjXhsUEPmxi+PKw2OkW4LLjA==",
            "dev": true,
            "dependencies": {
                "@types/node": "*"
            }
        },
        "node_modules/@types/fs-extra": {
            "version": "11.0.4",
            "resolved": "https://registry.npmjs.org/@types/fs-extra/-/fs-extra-11.0.4.tgz",
            "integrity": "sha512-yTbItCNreRooED33qjunPthRcSjERP1r4MqCZc7wv0u2sUkzTFp45tgUfS5+r7FrZPdmCCNflLhVSP/o+SemsQ==",
            "dev": true,
            "dependencies": {
                "@types/jsonfile": "*",
                "@types/node": "*"
            }
        },
        "node_modules/@types/jsonfile": {
            "version": "6.1.4",
            "resolved": "https://registry.npmjs.org/@types/jsonfile/-/jsonfile-6.1.4.tgz",
            "integrity": "sha512-D5qGUYwjvnNNextdU59/+fI+spnwtTFmyQP0h+PfIOSkNfpU6AOICUOkm4i0OnSk+NyjdPJrxCDro0sJsWlRpQ==",
            "dev": true,
            "dependencies": {
                "@types/node": "*"
            }
        },
        "node_modules/@types/node": {
            "version": "20.17.30",
            "resolved": "https://registry.npmjs.org/@types/node/-/node-20.17.30.tgz",
            "integrity": "sha512-7zf4YyHA+jvBNfVrk2Gtvs6x7E8V+YDW05bNfG2XkWDJfYRXrTiP/DsB2zSYTaHX0bGIujTBQdMVAhb+j7mwpg==",
            "dev": true,
            "dependencies": {
                "undici-types": "~6.19.2"
            }
        },
        "node_modules/cross-spawn": {
            "version": "7.0.6",
            "resolved": "https://registry.npmjs.org/cross-spawn/-/cross-spawn-7.0.6.tgz",
            "integrity": "sha512-uV2QOWP2nWzsy2aMp8aRibhi9dlzF5Hgh5SHaB9OiTGEyDTiJJyx0uy51QXdyWbtAHNua4XJzUKca3OzKUd3vA==",
            "dependencies": {
                "path-key": "^3.1.0",
                "shebang-command": "^2.0.0",
                "which": "^2.0.1"
            },
            "engines": {
                "node": ">= 8"
            }
        },
        "node_modules/fs-extra": {
            "version": "11.3.0",
            "resolved": "https://registry.npmjs.org/fs-extra/-/fs-extra-11.3.0.tgz",
            "integrity": "sha512-Z4XaCL6dUDHfP/jT25jJKMmtxvuwbkrD1vNSMFlo9lNLY2c5FHYSQgHPRZUjAB26TpDEoW9HCOgplrdbaPV/ew==",
            "dependencies": {
                "graceful-fs": "^4.2.0",
                "jsonfile": "^6.0.1",
                "universalify": "^2.0.0"
            },
            "engines": {
                "node": ">=14.14"
            }
        },
        "node_modules/graceful-fs": {
            "version": "4.2.11",
            "resolved": "https://registry.npmjs.org/graceful-fs/-/graceful-fs-4.2.11.tgz",
            "integrity": "sha512-RbJ5/jmFcNNCcDV5o9eTnBLJ/HszWV0P73bc+Ff4nS/rJj+YaS6IGyiOL0VoBYX+l1Wrl3k63h/KrH+nhJ0XvQ=="
        },
        "node_modules/isexe": {
            "version": "2.0.0",
            "resolved": "https://registry.npmjs.org/isexe/-/isexe-2.0.0.tgz",
            "integrity": "sha512-RHxMLp9lnKHGHRng9QFhRCMbYAcVpn69smSGcq3f36xjgVVWThj4qqLbTLlq7Ssj8B+fIQ1EuCEGI2lKsyQeIw=="
        },
        "node_modules/jsonfile": {
            "version": "6.1.0",
            "resolved": "https://registry.npmjs.org/jsonfile/-/jsonfile-6.1.0.tgz",
            "integrity": "sha512-5dgndWOriYSm5cnYaJNhalLNDKOqFwyDB/rr1E9ZsGciGvKPs8R2xYGCacuf3z6K1YKDz182fd+fY3cn3pMqXQ==",
            "dependencies": {
                "universalify": "^2.0.0"
            },
            "optionalDependencies": {
                "graceful-fs": "^4.1.6"
            }
        },
        "node_modules/path-key": {
            "version": "3.1.1",
            "resolved": "https://registry.npmjs.org/path-key/-/path-key-3.1.1.tgz",
            "integrity": "sha512-ojmeN0qd+y0jszEtoY48r0Peq5dwMEkIlCOu6Q5f41lfkswXuKtYrhgoTpLnyIcHm24Uhqx+5Tqm2InSwLhE6Q==",
            "engines": {
                "node": ">=8"
            }
        },
        "node_modules/picocolors": {
            "version": "1.1.1",
            "resolved": "https://registry.npmjs.org/picocolors/-/picocolors-1.1.1.tgz",
            "integrity": "sha512-xceH2snhtb5M9liqDsmEw56le376mTZkEX/jEb/RxNFyegNul7eNslCXP9FDj/Lcu0X8KEyMceP2ntpaHrDEVA=="
        },
        "node_modules/shebang-command": {
            "version": "2.0.0",
            "resolved": "https://registry.npmjs.org/shebang-command/-/shebang-command-2.0.0.tgz",
            "integrity": "sha512-kHxr2zZpYtdmrN1qDjrrX/Z1rR1kG8Dx+gkpK1G4eXmvXswmcE1hTWBWYUzlraYw1/yZp6YuDY77YtvbN0dmDA==",
            "dependencies": {
                "shebang-regex": "^3.0.0"
            },
            "engines": {
                "node": ">=8"
            }
        },
        "node_modules/shebang-regex": {
            "version": "3.0.0",
            "resolved": "https://registry.npmjs.org/shebang-regex/-/shebang-regex-3.0.0.tgz",
            "integrity": "sha512-7++dFhtcx3353uBaq8DDR4NuxBetBzC7ZQOhmTQInHEd6bSrXdiEyzCvG07Z44UYdLShWUyXt5M/yhz8ekcb1A==",
            "engines": {
                "node": ">=8"
            }
        },
        "node_modules/sisteransi": {
            "version": "1.0.5",
            "resolved": "https://registry.npmjs.org/sisteransi/-/sisteransi-1.0.5.tgz",
            "integrity": "sha512-bLGGlR1QxBcynn2d5YmDX4MGjlZvy2MRBDRNHLJ8VI6l6+9FUiyTFNJ0IveOSP0bcXgVDPRcfGqA0pjaqUpfVg=="
        },
        "node_modules/typescript": {
            "version": "5.8.3",
            "resolved": "https://registry.npmjs.org/typescript/-/typescript-5.8.3.tgz",
            "integrity": "sha512-p1diW6TqL9L07nNxvRMM7hMMw4c5XOo/1ibL4aAIGmSAt9slTE1Xgw5KWuof2uTOvCg9BY7ZRi+GaF+7sfgPeQ==",
            "dev": true,
            "bin": {
                "tsc": "bin/tsc",
                "tsserver": "bin/tsserver"
            },
            "engines": {
                "node": ">=14.17"
            }
        },
        "node_modules/undici-types": {
            "version": "6.19.8",
            "resolved": "https://registry.npmjs.org/undici-types/-/undici-types-6.19.8.tgz",
            "integrity": "sha512-ve2KP6f/JnbPBFyobGHuerC9g1FYGn/F8n1LWTwNxCEzd6IfqTwUQcNXgEtmmQ6DlRrC1hrSrBnCZPokRrDHjw==",
            "dev": true
        },
        "node_modules/universalify": {
            "version": "2.0.1",
            "resolved": "https://registry.npmjs.org/universalify/-/universalify-2.0.1.tgz",
            "integrity": "sha512-gptHNQghINnc/vTGIk0SOFGFNXw7JVrlRUtConJRlvaw6DuX0wO5Jeko9sWrMBhh+PsYAZ7oXAiOnf/UKogyiw==",
            "engines": {
                "node": ">= 10.0.0"
            }
        },
        "node_modules/which": {
            "version": "2.0.2",
            "resolved": "https://registry.npmjs.org/which/-/which-2.0.2.tgz",
            "integrity": "sha512-BLI3Tl1TW3Pvl70l3yq3Y64i+awpwXqsGBYWkkqMtnbXgrMD+yj7rhW0kuEDxzJaYXGjEW5ogapKNMEKNMjibA==",
            "dependencies": {
                "isexe": "^2.0.0"
            },
            "bin": {
                "node-which": "bin/node-which"
            },
            "engines": {
                "node": ">= 8"
            }
        }
    }
}
